
Microsoft Visual Studio Solution File, Format Version 12.00
# Visual Studio Version 17
VisualStudioVersion = 17.2.32519.379
MinimumVisualStudioVersion = 10.0.40219.1
Project("{FAE04EC0-301F-11D3-BF4B-00C04F79EFBC}") = "verdadeiroTestee", "verdadeiroTestee\verdadeiroTestee.csproj", "{8DB4801B-8138-4DFE-87AB-5CC4B9C9FBBD}"
EndProject
Global
	GlobalSection(SolutionConfigurationPlatforms) = preSolution
		Debug|Any CPU = Debug|Any CPU
		Release|Any CPU = Release|Any CPU
	EndGlobalSection
	GlobalSection(ProjectConfigurationPlatforms) = postSolution
		{8DB4801B-8138-4DFE-87AB-5CC4B9C9FBBD}.Debug|Any CPU.ActiveCfg = Debug|Any CPU
		{8DB4801B-8138-4DFE-87AB-5CC4B9C9FBBD}.Debug|Any CPU.Build.0 = Debug|Any CPU
		{8DB4801B-8138-4DFE-87AB-5CC4B9C9FBBD}.Release|Any CPU.ActiveCfg = Release|Any CPU
		{8DB4801B-8138-4DFE-87AB-5CC4B9C9FBBD}.Release|Any CPU.Build.0 = Release|Any CPU
	EndGlobalSection
	GlobalSection(SolutionProperties) = preSolution
		HideSolutionNode = FALSE
	EndGlobalSection
	GlobalSection(ExtensibilityGlobals) = postSolution
		SolutionGuid = {A01484D4-699B-422C-9B92-104850642D41}
	EndGlobalSection
EndGlobal
